// !$*UTF8*$!
{
	archiveVersion = 1;
	classes = {
	};
	objectVersion = 46;
	objects = {
/* Begin PBXBuildFile section */
		0207DA581B56EA530066E2B4 /* Images.xcassets in Resources */ = {isa = PBXBuildFile; fileRef = 0207DA571B56EA530066E2B4 /* Images.xcassets */; };
		1D3623260D0F684500981E51 /* AppDelegate.m in Sources */ = {isa = PBXBuildFile; fileRef = 1D3623250D0F684500981E51 /* AppDelegate.m */; };
		1D60589B0D05DD56006BFB54 /* main.m in Sources */ = {isa = PBXBuildFile; fileRef = 29B97316FDCFA39411CA2CEA /* main.m */; };
		301BF552109A68D80062928A /* libCordova.a in Frameworks */ = {isa = PBXBuildFile; fileRef = 301BF535109A57CC0062928A /* libCordova.a */; };
		302D95F114D2391D003F00A1 /* MainViewController.m in Sources */ = {isa = PBXBuildFile; fileRef = 302D95EF14D2391D003F00A1 /* MainViewController.m */; };
		302D95F214D2391D003F00A1 /* MainViewController.xib in Resources */ = {isa = PBXBuildFile; fileRef = 302D95F014D2391D003F00A1 /* MainViewController.xib */; };
		3047A5121AB8059700498E2A /* build-debug.xcconfig in Resources */ = {isa = PBXBuildFile; fileRef = 3047A50F1AB8059700498E2A /* build-debug.xcconfig */; };
		3047A5131AB8059700498E2A /* build-release.xcconfig in Resources */ = {isa = PBXBuildFile; fileRef = 3047A5101AB8059700498E2A /* build-release.xcconfig */; };
		3047A5141AB8059700498E2A /* build.xcconfig in Resources */ = {isa = PBXBuildFile; fileRef = 3047A5111AB8059700498E2A /* build.xcconfig */; };
		ABFFB10A76E64B63ACAEF30A /* ScanditSDK.mm in Resources */ = {isa = PBXBuildFile; fileRef = 427944326C314D6CB2F43108 /* ScanditSDK.mm */; };
		912AA856F9D34BBAB7715C1B /* ScanditSDKRotatingBarcodePicker.m in Sources */ = {isa = PBXBuildFile; fileRef = 1E8795B930AC4ED0B023F737 /* ScanditSDKRotatingBarcodePicker.m */; };
		4C3648A707E4463AB634BDC7 /* ScanditSDKSearchBar.m in Sources */ = {isa = PBXBuildFile; fileRef = FB334B8225E6427288E7C492 /* ScanditSDKSearchBar.m */; };
		15442E6805C1451084EB6CAA /* SBSLegacySettingsParamParser.m in Sources */ = {isa = PBXBuildFile; fileRef = 73670966AA0B4021AD7F9FA6 /* SBSLegacySettingsParamParser.m */; };
		981FBB30D5A0452E86B49C13 /* SBSLegacyUIParamParser.m in Sources */ = {isa = PBXBuildFile; fileRef = 9B627538AEB7481C97D930E8 /* SBSLegacyUIParamParser.m */; };
		13AE1B1FA1614B3EBDEC02F1 /* SBSPhonegapParamParser.m in Sources */ = {isa = PBXBuildFile; fileRef = 857707B9AB0D47D68C2EF5EC /* SBSPhonegapParamParser.m */; };
		8D41921931154C058ABE6856 /* SBSUIParamParser.m in Sources */ = {isa = PBXBuildFile; fileRef = AF2891BCDE7A4A25BC62CD98 /* SBSUIParamParser.m */; };
		D14FAC6B50684B89B70479E0 /* SBSLocalScanSession.m in Sources */ = {isa = PBXBuildFile; fileRef = DDA43F933C2F439F977E7E29 /* SBSLocalScanSession.m */; };
		DAB8EF603479498F8826D004 /* SBSConstraints.m in Sources */ = {isa = PBXBuildFile; fileRef = 7AD296F4AD45421A85801B7A /* SBSConstraints.m */; };
		1ADDAD7403174FCDB17C37E5 /* ScanditBarcodeScanner.bundle in Resources */ = {isa = PBXBuildFile; fileRef = 4468A499E15946FE8B5113F4 /* ScanditBarcodeScanner.bundle */; };
		17B38E6080EE494A8D462B09 /* ScanditBarcodeScanner.framework in Frameworks */ = {isa = PBXBuildFile; fileRef = FF570D1A3CFE41DAA3CB5677 /* ScanditBarcodeScanner.framework */; };
		9EE03B2910444F109CB570AC /* OpenGLES.framework in Frameworks */ = {isa = PBXBuildFile; fileRef = 9B946F52CC2041248CCBAEB0 /* OpenGLES.framework */; };
		DD9E5FD39F594E369C728434 /* AudioToolbox.framework in Frameworks */ = {isa = PBXBuildFile; fileRef = 23223A44C7C84705BE7BA8CB /* AudioToolbox.framework */; };
		7827F80BBE9245A4BB2834B4 /* AVFoundation.framework in Frameworks */ = {isa = PBXBuildFile; fileRef = 60A33F12568F4B45ACEE6759 /* AVFoundation.framework */; };
		A178CA9F85D740F9A93F8B79 /* CoreText.framework in Frameworks */ = {isa = PBXBuildFile; fileRef = 8BE350843C6143379008F26E /* CoreText.framework */; };
		D5FF7DAE97B940948005710D /* CoreLocation.framework in Frameworks */ = {isa = PBXBuildFile; fileRef = E9C04453206D4EB6AAEF5E1F /* CoreLocation.framework */; };
		E8CCB2839CA642C88394ED2A /* CoreMedia.framework in Frameworks */ = {isa = PBXBuildFile; fileRef = 7FB9C08B31E34A4CAED7D065 /* CoreMedia.framework */; };
		4D12D096CBEE4219B70882C6 /* CoreVideo.framework in Frameworks */ = {isa = PBXBuildFile; fileRef = 998ABED377234E71B133A3C7 /* CoreVideo.framework */; };
		F4556D4596264B2AA138E1DB /* QuartzCore.framework in Frameworks */ = {isa = PBXBuildFile; fileRef = 76CF42B33780472CB45D21C6 /* QuartzCore.framework */; };
		F22EAEAE57FD490F8324BFE1 /* Accelerate.framework in Frameworks */ = {isa = PBXBuildFile; fileRef = C406D4132AA340F7B27B129C /* Accelerate.framework */; };
		651CB9DF69864FD69A72C42A /* SystemConfiguration.framework in Frameworks */ = {isa = PBXBuildFile; fileRef = 32FCA75F534C4E218EEA6688 /* SystemConfiguration.framework */; };
		BE9FE8826902470AAC23B419 /* MediaPlayer.framework in Frameworks */ = {isa = PBXBuildFile; fileRef = 87D4F9022CC9482EBA659EFA /* MediaPlayer.framework */; };
		3907FCF21F32443990922186 /* libiconv.dylib in Frameworks */ = {isa = PBXBuildFile; fileRef = F3DBE7DCF6134E799334FF09 /* libiconv.dylib */; };
		FB0E2AFDE8BB4A32A6723F24 /* libz.dylib in Frameworks */ = {isa = PBXBuildFile; fileRef = 70DAD8D074E1447D81A7714D /* libz.dylib */; };
		DC87C19C09744756A954CFE9 /* libc++.dylib in Frameworks */ = {isa = PBXBuildFile; fileRef = 667612770D1D45BB8340EAE1 /* libc++.dylib */; };
		D54A0A4CD3C14570AD378C34 /* CDVBattery.m in Sources */ = {isa = PBXBuildFile; fileRef = E2D998C6F7134E13B1A6EA1C /* CDVBattery.m */; };
		8FEB28B38AAC4AFFB0CF988E /* UIImage+CropScaleOrientation.m in Sources */ = {isa = PBXBuildFile; fileRef = 9C26E7B6DE89435D94A1D032 /* UIImage+CropScaleOrientation.m */; };
		AA1C008F2CD448AFBFEBB9B2 /* CDVCamera.m in Sources */ = {isa = PBXBuildFile; fileRef = A87879BFD96E4C2F81FB5C7D /* CDVCamera.m */; };
		D609790BA55F48FEA2DFD290 /* CDVJpegHeaderWriter.m in Sources */ = {isa = PBXBuildFile; fileRef = 7C9EAECFAB5C423CBAFE5DFA /* CDVJpegHeaderWriter.m */; };
		5AF348F7D2544E30A6A1602C /* ImageIO.framework in Frameworks */ = {isa = PBXBuildFile; fileRef = 2FDE3C6F289C4597A8A11539 /* ImageIO.framework */; settings = {ATTRIBUTES = (Weak, ); }; };
		17247F6CBF104D31A937FC32 /* CDVFile.m in Sources */ = {isa = PBXBuildFile; fileRef = 1206DDB66D4E4695A6115246 /* CDVFile.m */; };
		5A7A772276624B0A9C44FDCE /* CDVLocalFilesystem.m in Sources */ = {isa = PBXBuildFile; fileRef = E6D01CB9B9C2490B9AC4785E /* CDVLocalFilesystem.m */; };
		F6847EF28522462F9B921E5D /* CDVAssetLibraryFilesystem.m in Sources */ = {isa = PBXBuildFile; fileRef = 47AD10154986425CA508E367 /* CDVAssetLibraryFilesystem.m */; };
		6D75BAB14713412EB1A0C004 /* CDVCapture.m in Sources */ = {isa = PBXBuildFile; fileRef = 0CFC1812E999446BAA3E94AD /* CDVCapture.m */; };
		17E2029D9A1347898FB83FF8 /* CDVCapture.bundle in Resources */ = {isa = PBXBuildFile; fileRef = 48BD23798678484488EC300C /* CDVCapture.bundle */; };
		B655BC631B2546C593950661 /* CDVLogger.m in Sources */ = {isa = PBXBuildFile; fileRef = 81433591EBDE4010A2721D0E /* CDVLogger.m */; };
		8FE09279CAFD4B429DCCD364 /* CDVContacts.m in Sources */ = {isa = PBXBuildFile; fileRef = 1B0B2A122FEF4467813D4DD0 /* CDVContacts.m */; };
		FE451616F58C469A9D6D30C3 /* CDVContact.m in Sources */ = {isa = PBXBuildFile; fileRef = 6252D4D8E3CE48258B3AFA1D /* CDVContact.m */; };
		E088CA0340E14315A73AFA98 /* AddressBook.framework in Frameworks */ = {isa = PBXBuildFile; fileRef = BB7D016B83B74E7D980F7057 /* AddressBook.framework */; settings = {ATTRIBUTES = (Weak, ); }; };
		C5E26896C437401585C45B56 /* AddressBookUI.framework in Frameworks */ = {isa = PBXBuildFile; fileRef = 3081389644C94A2F8F06A788 /* AddressBookUI.framework */; settings = {ATTRIBUTES = (Weak, ); }; };
		A7071138801B4CB188A6FAE3 /* CDVDevice.m in Sources */ = {isa = PBXBuildFile; fileRef = 969DF971916747F5AC84CC21 /* CDVDevice.m */; };
		C21C8B983BD44C889CED5EA4 /* CDVAccelerometer.m in Sources */ = {isa = PBXBuildFile; fileRef = D7D7F94AFFAF4C669A2B3886 /* CDVAccelerometer.m */; };
		43F13D778C854CEBB04B7071 /* CoreMotion.framework in Frameworks */ = {isa = PBXBuildFile; fileRef = 272ED4AEFF524B5B92CE851D /* CoreMotion.framework */; };
		A0ECBEEF25BC424E91052599 /* CDVCompass.m in Sources */ = {isa = PBXBuildFile; fileRef = 368DD7B491DA4CD2BE5CE2A0 /* CDVCompass.m */; };
		2A2397EC7F5A466DBDB50B7A /* CDVNotification.m in Sources */ = {isa = PBXBuildFile; fileRef = D57BDC026BC842DD9F199D3C /* CDVNotification.m */; };
		5228E6EDF18F431FB04CA343 /* CDVNotification.bundle in Resources */ = {isa = PBXBuildFile; fileRef = 7A49B3C0637947908C3C630E /* CDVNotification.bundle */; };
		51410245CED3491D93264A3E /* CDVFileTransfer.m in Sources */ = {isa = PBXBuildFile; fileRef = F74042B66F234EBABC5746D8 /* CDVFileTransfer.m */; };
		1B08198EF52049D6A3F79B2E /* CDVLocation.m in Sources */ = {isa = PBXBuildFile; fileRef = C6EB75D8447345A185B18002 /* CDVLocation.m */; };
		1CE6C9D8D2FD43EA97B0A1CE /* CDVGlobalization.m in Sources */ = {isa = PBXBuildFile; fileRef = D1A4751677D14EAB8B37CA98 /* CDVGlobalization.m */; };
		4527E64408F04228885E2E08 /* CDVInAppBrowser.m in Sources */ = {isa = PBXBuildFile; fileRef = 1B14EEEA891C4A78A5B3B7E0 /* CDVInAppBrowser.m */; };
		45CAE71E23354FA888EB2CEC /* CDVSound.m in Sources */ = {isa = PBXBuildFile; fileRef = D075DCE180154690B866F944 /* CDVSound.m */; };
		F33EA950E66B486DBD0CF152 /* CDVConnection.m in Sources */ = {isa = PBXBuildFile; fileRef = 5BF6A503A8704214BEF7B2C2 /* CDVConnection.m */; };
		33B2669357DB4C4C86A53C0D /* CDVReachability.m in Sources */ = {isa = PBXBuildFile; fileRef = 33477C4132B642DBA8A0BB58 /* CDVReachability.m */; };
		F80C4FB9F55948ECA147C742 /* CoreTelephony.framework in Frameworks */ = {isa = PBXBuildFile; fileRef = 5CA6866B06B24A548A10F6FE /* CoreTelephony.framework */; };
		B8EDFF342CBE475FACA90F7D /* CDVSplashScreen.m in Sources */ = {isa = PBXBuildFile; fileRef = 55CA5C150D1B4E708ED36306 /* CDVSplashScreen.m */; };
		0C8B48DF77E744559C4D2137 /* CDVViewController+SplashScreen.m in Sources */ = {isa = PBXBuildFile; fileRef = E427B1CDB3DB454982B69F57 /* CDVViewController+SplashScreen.m */; };
		01ACADEB5FB145F2B82F94DE /* CDVStatusBar.m in Sources */ = {isa = PBXBuildFile; fileRef = F88E7C81606B40148C178FAA /* CDVStatusBar.m */; };
		6E00FB1CD3D848628B0AD8E9 /* CDVVibration.m in Sources */ = {isa = PBXBuildFile; fileRef = FA0420BD5A1B4463A3505449 /* CDVVibration.m */; };
		7F3FB19D6C9A47A39C36D48A /* CDVShake.m in Sources */ = {isa = PBXBuildFile; fileRef = 560DE21CBD7847A389E2CB0A /* CDVShake.m */; };
/* End PBXBuildFile section */

/* Begin PBXContainerItemProxy section */
		301BF534109A57CC0062928A /* PBXContainerItemProxy */ = {
			isa = PBXContainerItemProxy;
			containerPortal = 301BF52D109A57CC0062928A /* CordovaLib.xcodeproj */;
			proxyType = 2;
			remoteGlobalIDString = D2AAC07E0554694100DB518D;
			remoteInfo = CordovaLib;
		};
		301BF550109A68C00062928A /* PBXContainerItemProxy */ = {
			isa = PBXContainerItemProxy;
			containerPortal = 301BF52D109A57CC0062928A /* CordovaLib.xcodeproj */;
			proxyType = 1;
			remoteGlobalIDString = D2AAC07D0554694100DB518D;
			remoteInfo = CordovaLib;
		};
/* End PBXContainerItemProxy section */

/* Begin PBXFileReference section */
		0207DA571B56EA530066E2B4 /* Images.xcassets */ = {isa = PBXFileReference; lastKnownFileType = folder.assetcatalog; name = Images.xcassets; path = "Hello World/Images.xcassets"; sourceTree = SOURCE_ROOT; };
		1D3623240D0F684500981E51 /* AppDelegate.h */ = {isa = PBXFileReference; fileEncoding = 4; lastKnownFileType = sourcecode.c.h; path = AppDelegate.h; sourceTree = "<group>"; };
		1D3623250D0F684500981E51 /* AppDelegate.m */ = {isa = PBXFileReference; fileEncoding = 4; lastKnownFileType = sourcecode.c.objc; path = AppDelegate.m; sourceTree = "<group>"; };
		1D6058910D05DD3D006BFB54 /* Hello World.app */ = {isa = PBXFileReference; explicitFileType = wrapper.application; includeInIndex = 0; path = "Hello World.app"; sourceTree = BUILT_PRODUCTS_DIR; };
		29B97316FDCFA39411CA2CEA /* main.m */ = {isa = PBXFileReference; fileEncoding = 4; lastKnownFileType = sourcecode.c.objc; path = main.m; sourceTree = "<group>"; };
		301BF52D109A57CC0062928A /* CordovaLib.xcodeproj */ = {isa = PBXFileReference; lastKnownFileType = "wrapper.pb-project"; name = CordovaLib.xcodeproj; path = CordovaLib/CordovaLib.xcodeproj; sourceTree = "<group>"; };
		301BF56E109A69640062928A /* www */ = {isa = PBXFileReference; lastKnownFileType = folder; path = www; sourceTree = SOURCE_ROOT; };
		302D95EE14D2391D003F00A1 /* MainViewController.h */ = {isa = PBXFileReference; fileEncoding = 4; lastKnownFileType = sourcecode.c.h; path = MainViewController.h; sourceTree = "<group>"; };
		302D95EF14D2391D003F00A1 /* MainViewController.m */ = {isa = PBXFileReference; fileEncoding = 4; lastKnownFileType = sourcecode.c.objc; path = MainViewController.m; sourceTree = "<group>"; };
		302D95F014D2391D003F00A1 /* MainViewController.xib */ = {isa = PBXFileReference; fileEncoding = 4; lastKnownFileType = file.xib; path = MainViewController.xib; sourceTree = "<group>"; };
		3047A50F1AB8059700498E2A /* build-debug.xcconfig */ = {isa = PBXFileReference; fileEncoding = 4; lastKnownFileType = text.xcconfig; name = "build-debug.xcconfig"; path = cordova/build-debug.xcconfig; sourceTree = SOURCE_ROOT; };
		3047A5101AB8059700498E2A /* build-release.xcconfig */ = {isa = PBXFileReference; fileEncoding = 4; lastKnownFileType = text.xcconfig; name = "build-release.xcconfig"; path = cordova/build-release.xcconfig; sourceTree = SOURCE_ROOT; };
		3047A5111AB8059700498E2A /* build.xcconfig */ = {isa = PBXFileReference; fileEncoding = 4; lastKnownFileType = text.xcconfig; name = build.xcconfig; path = cordova/build.xcconfig; sourceTree = SOURCE_ROOT; };
		32CA4F630368D1EE00C91783 /* Hello World-Prefix.pch */ = {isa = PBXFileReference; fileEncoding = 4; lastKnownFileType = sourcecode.c.h; path = "Hello World-Prefix.pch"; sourceTree = "<group>"; };
		8D1107310486CEB800E47090 /* Hello World-Info.plist */ = {isa = PBXFileReference; fileEncoding = 4; lastKnownFileType = text.plist.xml; name = "Hello World-Info.plist"; path = "Hello World/Hello World-Info.plist"; plistStructureDefinitionIdentifier = "com.apple.xcode.plist.structure-definition.iphone.info-plist"; sourceTree = SOURCE_ROOT; };
		EB87FDF31871DA8E0020F90C /* www */ = {isa = PBXFileReference; lastKnownFileType = folder; name = www; path = ../../www; sourceTree = "<group>"; };
		EB87FDF41871DAF40020F90C /* config.xml */ = {isa = PBXFileReference; lastKnownFileType = text.xml; name = config.xml; path = ../../config.xml; sourceTree = "<group>"; };
		F840E1F0165FE0F500CFE078 /* config.xml */ = {isa = PBXFileReference; lastKnownFileType = text.xml; name = config.xml; path = "Hello World/config.xml"; sourceTree = "<group>"; };
		ED33DF2A687741AEAF9F8254 /* Bridging-Header.h */ = {isa = PBXFileReference; fileEncoding = 4; lastKnownFileType = sourcecode.c.h; name = "Bridging-Header.h"; path = "Bridging-Header.h"; sourceTree = "<group>"; };
		427944326C314D6CB2F43108 /* ScanditSDK.mm */ = {isa = PBXFileReference; name = "ScanditSDK.mm"; path = "com.mirasense.scanditsdk.plugin/ScanditSDK.mm"; sourceTree = "<group>"; fileEncoding = undefined; lastKnownFileType = unknown; explicitFileType = undefined; includeInIndex = 0; };
		1E8795B930AC4ED0B023F737 /* ScanditSDKRotatingBarcodePicker.m */ = {isa = PBXFileReference; name = "ScanditSDKRotatingBarcodePicker.m"; path = "com.mirasense.scanditsdk.plugin/ScanditSDKRotatingBarcodePicker.m"; sourceTree = "<group>"; fileEncoding = 4; lastKnownFileType = sourcecode.c.objc; explicitFileType = undefined; includeInIndex = 0; };
		FB334B8225E6427288E7C492 /* ScanditSDKSearchBar.m */ = {isa = PBXFileReference; name = "ScanditSDKSearchBar.m"; path = "com.mirasense.scanditsdk.plugin/ScanditSDKSearchBar.m"; sourceTree = "<group>"; fileEncoding = 4; lastKnownFileType = sourcecode.c.objc; explicitFileType = undefined; includeInIndex = 0; };
		73670966AA0B4021AD7F9FA6 /* SBSLegacySettingsParamParser.m */ = {isa = PBXFileReference; name = "SBSLegacySettingsParamParser.m"; path = "com.mirasense.scanditsdk.plugin/SBSLegacySettingsParamParser.m"; sourceTree = "<group>"; fileEncoding = 4; lastKnownFileType = sourcecode.c.objc; explicitFileType = undefined; includeInIndex = 0; };
		9B627538AEB7481C97D930E8 /* SBSLegacyUIParamParser.m */ = {isa = PBXFileReference; name = "SBSLegacyUIParamParser.m"; path = "com.mirasense.scanditsdk.plugin/SBSLegacyUIParamParser.m"; sourceTree = "<group>"; fileEncoding = 4; lastKnownFileType = sourcecode.c.objc; explicitFileType = undefined; includeInIndex = 0; };
		857707B9AB0D47D68C2EF5EC /* SBSPhonegapParamParser.m */ = {isa = PBXFileReference; name = "SBSPhonegapParamParser.m"; path = "com.mirasense.scanditsdk.plugin/SBSPhonegapParamParser.m"; sourceTree = "<group>"; fileEncoding = 4; lastKnownFileType = sourcecode.c.objc; explicitFileType = undefined; includeInIndex = 0; };
		AF2891BCDE7A4A25BC62CD98 /* SBSUIParamParser.m */ = {isa = PBXFileReference; name = "SBSUIParamParser.m"; path = "com.mirasense.scanditsdk.plugin/SBSUIParamParser.m"; sourceTree = "<group>"; fileEncoding = 4; lastKnownFileType = sourcecode.c.objc; explicitFileType = undefined; includeInIndex = 0; };
		DDA43F933C2F439F977E7E29 /* SBSLocalScanSession.m */ = {isa = PBXFileReference; name = "SBSLocalScanSession.m"; path = "com.mirasense.scanditsdk.plugin/SBSLocalScanSession.m"; sourceTree = "<group>"; fileEncoding = 4; lastKnownFileType = sourcecode.c.objc; explicitFileType = undefined; includeInIndex = 0; };
		7AD296F4AD45421A85801B7A /* SBSConstraints.m */ = {isa = PBXFileReference; name = "SBSConstraints.m"; path = "com.mirasense.scanditsdk.plugin/SBSConstraints.m"; sourceTree = "<group>"; fileEncoding = 4; lastKnownFileType = sourcecode.c.objc; explicitFileType = undefined; includeInIndex = 0; };
		4409472443A94139AADF1DEE /* ScanditSDK.h */ = {isa = PBXFileReference; name = "ScanditSDK.h"; path = "com.mirasense.scanditsdk.plugin/ScanditSDK.h"; sourceTree = "<group>"; fileEncoding = 4; lastKnownFileType = sourcecode.c.h; explicitFileType = undefined; includeInIndex = 0; };
		B7ABFEC4D360491398E42ED9 /* ScanditSDKRotatingBarcodePicker.h */ = {isa = PBXFileReference; name = "ScanditSDKRotatingBarcodePicker.h"; path = "com.mirasense.scanditsdk.plugin/ScanditSDKRotatingBarcodePicker.h"; sourceTree = "<group>"; fileEncoding = 4; lastKnownFileType = sourcecode.c.h; explicitFileType = undefined; includeInIndex = 0; };
		5514638132E9417E9DF28D39 /* ScanditSDKSearchBar.h */ = {isa = PBXFileReference; name = "ScanditSDKSearchBar.h"; path = "com.mirasense.scanditsdk.plugin/ScanditSDKSearchBar.h"; sourceTree = "<group>"; fileEncoding = 4; lastKnownFileType = sourcecode.c.h; explicitFileType = undefined; includeInIndex = 0; };
		817F7D5E3D8448EC8CBF535E /* SBSLegacySettingsParamParser.h */ = {isa = PBXFileReference; name = "SBSLegacySettingsParamParser.h"; path = "com.mirasense.scanditsdk.plugin/SBSLegacySettingsParamParser.h"; sourceTree = "<group>"; fileEncoding = 4; lastKnownFileType = sourcecode.c.h; explicitFileType = undefined; includeInIndex = 0; };
		8B3E06E243CA4684B33F5573 /* SBSLegacyUIParamParser.h */ = {isa = PBXFileReference; name = "SBSLegacyUIParamParser.h"; path = "com.mirasense.scanditsdk.plugin/SBSLegacyUIParamParser.h"; sourceTree = "<group>"; fileEncoding = 4; lastKnownFileType = sourcecode.c.h; explicitFileType = undefined; includeInIndex = 0; };
		D5019F3E7E8A48668F2E5B2E /* SBSPhonegapParamParser.h */ = {isa = PBXFileReference; name = "SBSPhonegapParamParser.h"; path = "com.mirasense.scanditsdk.plugin/SBSPhonegapParamParser.h"; sourceTree = "<group>"; fileEncoding = 4; lastKnownFileType = sourcecode.c.h; explicitFileType = undefined; includeInIndex = 0; };
		505B726F36BA43679B18628E /* SBSUIParamParser.h */ = {isa = PBXFileReference; name = "SBSUIParamParser.h"; path = "com.mirasense.scanditsdk.plugin/SBSUIParamParser.h"; sourceTree = "<group>"; fileEncoding = 4; lastKnownFileType = sourcecode.c.h; explicitFileType = undefined; includeInIndex = 0; };
		DBF28DA35F07492992789DF0 /* SBSLocalScanSession.h */ = {isa = PBXFileReference; name = "SBSLocalScanSession.h"; path = "com.mirasense.scanditsdk.plugin/SBSLocalScanSession.h"; sourceTree = "<group>"; fileEncoding = 4; lastKnownFileType = sourcecode.c.h; explicitFileType = undefined; includeInIndex = 0; };
		0AE85CE67CCF4077BE93523B /* SBSConstraints.h */ = {isa = PBXFileReference; name = "SBSConstraints.h"; path = "com.mirasense.scanditsdk.plugin/SBSConstraints.h"; sourceTree = "<group>"; fileEncoding = 4; lastKnownFileType = sourcecode.c.h; explicitFileType = undefined; includeInIndex = 0; };
		4468A499E15946FE8B5113F4 /* ScanditBarcodeScanner.bundle */ = {isa = PBXFileReference; name = "ScanditBarcodeScanner.bundle"; path = "ScanditBarcodeScanner.bundle"; sourceTree = "<group>"; fileEncoding = undefined; lastKnownFileType = wrapper.plug-in; explicitFileType = undefined; includeInIndex = 0; };
		FF570D1A3CFE41DAA3CB5677 /* ScanditBarcodeScanner.framework */ = {isa = PBXFileReference; name = "ScanditBarcodeScanner.framework"; path = "Hello World/Plugins/com.mirasense.scanditsdk.plugin/ScanditBarcodeScanner.framework"; sourceTree = "<group>"; fileEncoding = undefined; lastKnownFileType = wrapper.framework; explicitFileType = undefined; includeInIndex = 0; };
		9B946F52CC2041248CCBAEB0 /* OpenGLES.framework */ = {isa = PBXFileReference; name = "OpenGLES.framework"; path = "System/Library/Frameworks/OpenGLES.framework"; sourceTree = SDKROOT; fileEncoding = undefined; lastKnownFileType = wrapper.framework; explicitFileType = undefined; includeInIndex = 0; };
		23223A44C7C84705BE7BA8CB /* AudioToolbox.framework */ = {isa = PBXFileReference; name = "AudioToolbox.framework"; path = "System/Library/Frameworks/AudioToolbox.framework"; sourceTree = SDKROOT; fileEncoding = undefined; lastKnownFileType = wrapper.framework; explicitFileType = undefined; includeInIndex = 0; };
		60A33F12568F4B45ACEE6759 /* AVFoundation.framework */ = {isa = PBXFileReference; name = "AVFoundation.framework"; path = "System/Library/Frameworks/AVFoundation.framework"; sourceTree = SDKROOT; fileEncoding = undefined; lastKnownFileType = wrapper.framework; explicitFileType = undefined; includeInIndex = 0; };
		8BE350843C6143379008F26E /* CoreText.framework */ = {isa = PBXFileReference; name = "CoreText.framework"; path = "System/Library/Frameworks/CoreText.framework"; sourceTree = SDKROOT; fileEncoding = undefined; lastKnownFileType = wrapper.framework; explicitFileType = undefined; includeInIndex = 0; };
		E9C04453206D4EB6AAEF5E1F /* CoreLocation.framework */ = {isa = PBXFileReference; name = "CoreLocation.framework"; path = "System/Library/Frameworks/CoreLocation.framework"; sourceTree = SDKROOT; fileEncoding = undefined; lastKnownFileType = wrapper.framework; explicitFileType = undefined; includeInIndex = 0; };
		7FB9C08B31E34A4CAED7D065 /* CoreMedia.framework */ = {isa = PBXFileReference; name = "CoreMedia.framework"; path = "System/Library/Frameworks/CoreMedia.framework"; sourceTree = SDKROOT; fileEncoding = undefined; lastKnownFileType = wrapper.framework; explicitFileType = undefined; includeInIndex = 0; };
		998ABED377234E71B133A3C7 /* CoreVideo.framework */ = {isa = PBXFileReference; name = "CoreVideo.framework"; path = "System/Library/Frameworks/CoreVideo.framework"; sourceTree = SDKROOT; fileEncoding = undefined; lastKnownFileType = wrapper.framework; explicitFileType = undefined; includeInIndex = 0; };
		76CF42B33780472CB45D21C6 /* QuartzCore.framework */ = {isa = PBXFileReference; name = "QuartzCore.framework"; path = "System/Library/Frameworks/QuartzCore.framework"; sourceTree = SDKROOT; fileEncoding = undefined; lastKnownFileType = wrapper.framework; explicitFileType = undefined; includeInIndex = 0; };
		C406D4132AA340F7B27B129C /* Accelerate.framework */ = {isa = PBXFileReference; name = "Accelerate.framework"; path = "System/Library/Frameworks/Accelerate.framework"; sourceTree = SDKROOT; fileEncoding = undefined; lastKnownFileType = wrapper.framework; explicitFileType = undefined; includeInIndex = 0; };
		32FCA75F534C4E218EEA6688 /* SystemConfiguration.framework */ = {isa = PBXFileReference; name = "SystemConfiguration.framework"; path = "System/Library/Frameworks/SystemConfiguration.framework"; sourceTree = SDKROOT; fileEncoding = undefined; lastKnownFileType = wrapper.framework; explicitFileType = undefined; includeInIndex = 0; };
		87D4F9022CC9482EBA659EFA /* MediaPlayer.framework */ = {isa = PBXFileReference; name = "MediaPlayer.framework"; path = "System/Library/Frameworks/MediaPlayer.framework"; sourceTree = SDKROOT; fileEncoding = undefined; lastKnownFileType = wrapper.framework; explicitFileType = undefined; includeInIndex = 0; };
		F3DBE7DCF6134E799334FF09 /* libiconv.dylib */ = {isa = PBXFileReference; name = "libiconv.dylib"; path = "usr/lib/libiconv.dylib"; sourceTree = SDKROOT; fileEncoding = undefined; lastKnownFileType = compiled.mach-o.dylib; explicitFileType = undefined; includeInIndex = 0; };
		70DAD8D074E1447D81A7714D /* libz.dylib */ = {isa = PBXFileReference; name = "libz.dylib"; path = "usr/lib/libz.dylib"; sourceTree = SDKROOT; fileEncoding = undefined; lastKnownFileType = compiled.mach-o.dylib; explicitFileType = undefined; includeInIndex = 0; };
		667612770D1D45BB8340EAE1 /* libc++.dylib */ = {isa = PBXFileReference; name = "libc++.dylib"; path = "usr/lib/libc++.dylib"; sourceTree = SDKROOT; fileEncoding = undefined; lastKnownFileType = compiled.mach-o.dylib; explicitFileType = undefined; includeInIndex = 0; };
		E2D998C6F7134E13B1A6EA1C /* CDVBattery.m */ = {isa = PBXFileReference; name = "CDVBattery.m"; path = "cordova-plugin-battery-status/CDVBattery.m"; sourceTree = "<group>"; fileEncoding = 4; lastKnownFileType = sourcecode.c.objc; explicitFileType = undefined; includeInIndex = 0; };
		24EFAC2121744D56B52C9CD9 /* CDVBattery.h */ = {isa = PBXFileReference; name = "CDVBattery.h"; path = "cordova-plugin-battery-status/CDVBattery.h"; sourceTree = "<group>"; fileEncoding = 4; lastKnownFileType = sourcecode.c.h; explicitFileType = undefined; includeInIndex = 0; };
		9C26E7B6DE89435D94A1D032 /* UIImage+CropScaleOrientation.m */ = {isa = PBXFileReference; name = "UIImage+CropScaleOrientation.m"; path = "cordova-plugin-camera/UIImage+CropScaleOrientation.m"; sourceTree = "<group>"; fileEncoding = 4; lastKnownFileType = sourcecode.c.objc; explicitFileType = undefined; includeInIndex = 0; };
		A87879BFD96E4C2F81FB5C7D /* CDVCamera.m */ = {isa = PBXFileReference; name = "CDVCamera.m"; path = "cordova-plugin-camera/CDVCamera.m"; sourceTree = "<group>"; fileEncoding = 4; lastKnownFileType = sourcecode.c.objc; explicitFileType = undefined; includeInIndex = 0; };
		7C9EAECFAB5C423CBAFE5DFA /* CDVJpegHeaderWriter.m */ = {isa = PBXFileReference; name = "CDVJpegHeaderWriter.m"; path = "cordova-plugin-camera/CDVJpegHeaderWriter.m"; sourceTree = "<group>"; fileEncoding = 4; lastKnownFileType = sourcecode.c.objc; explicitFileType = undefined; includeInIndex = 0; };
		A4C1CB98F74C4571BD37E2AC /* UIImage+CropScaleOrientation.h */ = {isa = PBXFileReference; name = "UIImage+CropScaleOrientation.h"; path = "cordova-plugin-camera/UIImage+CropScaleOrientation.h"; sourceTree = "<group>"; fileEncoding = 4; lastKnownFileType = sourcecode.c.h; explicitFileType = undefined; includeInIndex = 0; };
		153F14109FC24B878159BC24 /* CDVCamera.h */ = {isa = PBXFileReference; name = "CDVCamera.h"; path = "cordova-plugin-camera/CDVCamera.h"; sourceTree = "<group>"; fileEncoding = 4; lastKnownFileType = sourcecode.c.h; explicitFileType = undefined; includeInIndex = 0; };
		3EE32A494B56419E815B7E09 /* CDVJpegHeaderWriter.h */ = {isa = PBXFileReference; name = "CDVJpegHeaderWriter.h"; path = "cordova-plugin-camera/CDVJpegHeaderWriter.h"; sourceTree = "<group>"; fileEncoding = 4; lastKnownFileType = sourcecode.c.h; explicitFileType = undefined; includeInIndex = 0; };
		8FFE3F7CA8AA419F90836BD3 /* CDVExif.h */ = {isa = PBXFileReference; name = "CDVExif.h"; path = "cordova-plugin-camera/CDVExif.h"; sourceTree = "<group>"; fileEncoding = 4; lastKnownFileType = sourcecode.c.h; explicitFileType = undefined; includeInIndex = 0; };
		2FDE3C6F289C4597A8A11539 /* ImageIO.framework */ = {isa = PBXFileReference; name = "ImageIO.framework"; path = "System/Library/Frameworks/ImageIO.framework"; sourceTree = SDKROOT; fileEncoding = undefined; lastKnownFileType = wrapper.framework; explicitFileType = undefined; includeInIndex = 0; };
		1206DDB66D4E4695A6115246 /* CDVFile.m */ = {isa = PBXFileReference; name = "CDVFile.m"; path = "cordova-plugin-file/CDVFile.m"; sourceTree = "<group>"; fileEncoding = 4; lastKnownFileType = sourcecode.c.objc; explicitFileType = undefined; includeInIndex = 0; };
		E6D01CB9B9C2490B9AC4785E /* CDVLocalFilesystem.m */ = {isa = PBXFileReference; name = "CDVLocalFilesystem.m"; path = "cordova-plugin-file/CDVLocalFilesystem.m"; sourceTree = "<group>"; fileEncoding = 4; lastKnownFileType = sourcecode.c.objc; explicitFileType = undefined; includeInIndex = 0; };
		47AD10154986425CA508E367 /* CDVAssetLibraryFilesystem.m */ = {isa = PBXFileReference; name = "CDVAssetLibraryFilesystem.m"; path = "cordova-plugin-file/CDVAssetLibraryFilesystem.m"; sourceTree = "<group>"; fileEncoding = 4; lastKnownFileType = sourcecode.c.objc; explicitFileType = undefined; includeInIndex = 0; };
		69A7F25BCE404E4BB635054E /* CDVFile.h */ = {isa = PBXFileReference; name = "CDVFile.h"; path = "cordova-plugin-file/CDVFile.h"; sourceTree = "<group>"; fileEncoding = 4; lastKnownFileType = sourcecode.c.h; explicitFileType = undefined; includeInIndex = 0; };
		B5C1A3058D034317AA921891 /* CDVLocalFilesystem.h */ = {isa = PBXFileReference; name = "CDVLocalFilesystem.h"; path = "cordova-plugin-file/CDVLocalFilesystem.h"; sourceTree = "<group>"; fileEncoding = 4; lastKnownFileType = sourcecode.c.h; explicitFileType = undefined; includeInIndex = 0; };
		1FDE0DE4E9464FCE9E601440 /* CDVAssetLibraryFilesystem.h */ = {isa = PBXFileReference; name = "CDVAssetLibraryFilesystem.h"; path = "cordova-plugin-file/CDVAssetLibraryFilesystem.h"; sourceTree = "<group>"; fileEncoding = 4; lastKnownFileType = sourcecode.c.h; explicitFileType = undefined; includeInIndex = 0; };
		0CFC1812E999446BAA3E94AD /* CDVCapture.m */ = {isa = PBXFileReference; name = "CDVCapture.m"; path = "cordova-plugin-media-capture/CDVCapture.m"; sourceTree = "<group>"; fileEncoding = 4; lastKnownFileType = sourcecode.c.objc; explicitFileType = undefined; includeInIndex = 0; };
		179DD348DD2443E3B09F830C /* CDVCapture.h */ = {isa = PBXFileReference; name = "CDVCapture.h"; path = "cordova-plugin-media-capture/CDVCapture.h"; sourceTree = "<group>"; fileEncoding = 4; lastKnownFileType = sourcecode.c.h; explicitFileType = undefined; includeInIndex = 0; };
		48BD23798678484488EC300C /* CDVCapture.bundle */ = {isa = PBXFileReference; name = "CDVCapture.bundle"; path = "CDVCapture.bundle"; sourceTree = "<group>"; fileEncoding = undefined; lastKnownFileType = wrapper.plug-in; explicitFileType = undefined; includeInIndex = 0; };
		81433591EBDE4010A2721D0E /* CDVLogger.m */ = {isa = PBXFileReference; name = "CDVLogger.m"; path = "cordova-plugin-console/CDVLogger.m"; sourceTree = "<group>"; fileEncoding = 4; lastKnownFileType = sourcecode.c.objc; explicitFileType = undefined; includeInIndex = 0; };
		220533514FD344D291B009B2 /* CDVLogger.h */ = {isa = PBXFileReference; name = "CDVLogger.h"; path = "cordova-plugin-console/CDVLogger.h"; sourceTree = "<group>"; fileEncoding = 4; lastKnownFileType = sourcecode.c.h; explicitFileType = undefined; includeInIndex = 0; };
		1B0B2A122FEF4467813D4DD0 /* CDVContacts.m */ = {isa = PBXFileReference; name = "CDVContacts.m"; path = "cordova-plugin-contacts/CDVContacts.m"; sourceTree = "<group>"; fileEncoding = 4; lastKnownFileType = sourcecode.c.objc; explicitFileType = undefined; includeInIndex = 0; };
		6252D4D8E3CE48258B3AFA1D /* CDVContact.m */ = {isa = PBXFileReference; name = "CDVContact.m"; path = "cordova-plugin-contacts/CDVContact.m"; sourceTree = "<group>"; fileEncoding = 4; lastKnownFileType = sourcecode.c.objc; explicitFileType = undefined; includeInIndex = 0; };
		AD380600F3DF458794BFEA9B /* CDVContacts.h */ = {isa = PBXFileReference; name = "CDVContacts.h"; path = "cordova-plugin-contacts/CDVContacts.h"; sourceTree = "<group>"; fileEncoding = 4; lastKnownFileType = sourcecode.c.h; explicitFileType = undefined; includeInIndex = 0; };
		AACEDB53B2B54ACE858EDB7D /* CDVContact.h */ = {isa = PBXFileReference; name = "CDVContact.h"; path = "cordova-plugin-contacts/CDVContact.h"; sourceTree = "<group>"; fileEncoding = 4; lastKnownFileType = sourcecode.c.h; explicitFileType = undefined; includeInIndex = 0; };
		BB7D016B83B74E7D980F7057 /* AddressBook.framework */ = {isa = PBXFileReference; name = "AddressBook.framework"; path = "System/Library/Frameworks/AddressBook.framework"; sourceTree = SDKROOT; fileEncoding = undefined; lastKnownFileType = wrapper.framework; explicitFileType = undefined; includeInIndex = 0; };
		3081389644C94A2F8F06A788 /* AddressBookUI.framework */ = {isa = PBXFileReference; name = "AddressBookUI.framework"; path = "System/Library/Frameworks/AddressBookUI.framework"; sourceTree = SDKROOT; fileEncoding = undefined; lastKnownFileType = wrapper.framework; explicitFileType = undefined; includeInIndex = 0; };
		969DF971916747F5AC84CC21 /* CDVDevice.m */ = {isa = PBXFileReference; name = "CDVDevice.m"; path = "cordova-plugin-device/CDVDevice.m"; sourceTree = "<group>"; fileEncoding = 4; lastKnownFileType = sourcecode.c.objc; explicitFileType = undefined; includeInIndex = 0; };
		4076E8AF3F1C4B43A3CE58DC /* CDVDevice.h */ = {isa = PBXFileReference; name = "CDVDevice.h"; path = "cordova-plugin-device/CDVDevice.h"; sourceTree = "<group>"; fileEncoding = 4; lastKnownFileType = sourcecode.c.h; explicitFileType = undefined; includeInIndex = 0; };
		D7D7F94AFFAF4C669A2B3886 /* CDVAccelerometer.m */ = {isa = PBXFileReference; name = "CDVAccelerometer.m"; path = "cordova-plugin-device-motion/CDVAccelerometer.m"; sourceTree = "<group>"; fileEncoding = 4; lastKnownFileType = sourcecode.c.objc; explicitFileType = undefined; includeInIndex = 0; };
		CFA65457C8044374B1EF205F /* CDVAccelerometer.h */ = {isa = PBXFileReference; name = "CDVAccelerometer.h"; path = "cordova-plugin-device-motion/CDVAccelerometer.h"; sourceTree = "<group>"; fileEncoding = 4; lastKnownFileType = sourcecode.c.h; explicitFileType = undefined; includeInIndex = 0; };
		272ED4AEFF524B5B92CE851D /* CoreMotion.framework */ = {isa = PBXFileReference; name = "CoreMotion.framework"; path = "System/Library/Frameworks/CoreMotion.framework"; sourceTree = SDKROOT; fileEncoding = undefined; lastKnownFileType = wrapper.framework; explicitFileType = undefined; includeInIndex = 0; };
		368DD7B491DA4CD2BE5CE2A0 /* CDVCompass.m */ = {isa = PBXFileReference; name = "CDVCompass.m"; path = "cordova-plugin-device-orientation/CDVCompass.m"; sourceTree = "<group>"; fileEncoding = 4; lastKnownFileType = sourcecode.c.objc; explicitFileType = undefined; includeInIndex = 0; };
		6D350B3B7F4A4563B1DA2023 /* CDVCompass.h */ = {isa = PBXFileReference; name = "CDVCompass.h"; path = "cordova-plugin-device-orientation/CDVCompass.h"; sourceTree = "<group>"; fileEncoding = 4; lastKnownFileType = sourcecode.c.h; explicitFileType = undefined; includeInIndex = 0; };
		D57BDC026BC842DD9F199D3C /* CDVNotification.m */ = {isa = PBXFileReference; name = "CDVNotification.m"; path = "cordova-plugin-dialogs/CDVNotification.m"; sourceTree = "<group>"; fileEncoding = 4; lastKnownFileType = sourcecode.c.objc; explicitFileType = undefined; includeInIndex = 0; };
		6E81AA847A0445D9A931A4C8 /* CDVNotification.h */ = {isa = PBXFileReference; name = "CDVNotification.h"; path = "cordova-plugin-dialogs/CDVNotification.h"; sourceTree = "<group>"; fileEncoding = 4; lastKnownFileType = sourcecode.c.h; explicitFileType = undefined; includeInIndex = 0; };
		7A49B3C0637947908C3C630E /* CDVNotification.bundle */ = {isa = PBXFileReference; name = "CDVNotification.bundle"; path = "CDVNotification.bundle"; sourceTree = "<group>"; fileEncoding = undefined; lastKnownFileType = wrapper.plug-in; explicitFileType = undefined; includeInIndex = 0; };
		F74042B66F234EBABC5746D8 /* CDVFileTransfer.m */ = {isa = PBXFileReference; name = "CDVFileTransfer.m"; path = "cordova-plugin-file-transfer/CDVFileTransfer.m"; sourceTree = "<group>"; fileEncoding = 4; lastKnownFileType = sourcecode.c.objc; explicitFileType = undefined; includeInIndex = 0; };
		ABC63112B83543D5B87E37C5 /* CDVFileTransfer.h */ = {isa = PBXFileReference; name = "CDVFileTransfer.h"; path = "cordova-plugin-file-transfer/CDVFileTransfer.h"; sourceTree = "<group>"; fileEncoding = 4; lastKnownFileType = sourcecode.c.h; explicitFileType = undefined; includeInIndex = 0; };
		C6EB75D8447345A185B18002 /* CDVLocation.m */ = {isa = PBXFileReference; name = "CDVLocation.m"; path = "cordova-plugin-geolocation/CDVLocation.m"; sourceTree = "<group>"; fileEncoding = 4; lastKnownFileType = sourcecode.c.objc; explicitFileType = undefined; includeInIndex = 0; };
		A60216545FA34BDE86893CF1 /* CDVLocation.h */ = {isa = PBXFileReference; name = "CDVLocation.h"; path = "cordova-plugin-geolocation/CDVLocation.h"; sourceTree = "<group>"; fileEncoding = 4; lastKnownFileType = sourcecode.c.h; explicitFileType = undefined; includeInIndex = 0; };
		D1A4751677D14EAB8B37CA98 /* CDVGlobalization.m */ = {isa = PBXFileReference; name = "CDVGlobalization.m"; path = "cordova-plugin-globalization/CDVGlobalization.m"; sourceTree = "<group>"; fileEncoding = 4; lastKnownFileType = sourcecode.c.objc; explicitFileType = undefined; includeInIndex = 0; };
		DA70519021B743F0A0C7A42C /* CDVGlobalization.h */ = {isa = PBXFileReference; name = "CDVGlobalization.h"; path = "cordova-plugin-globalization/CDVGlobalization.h"; sourceTree = "<group>"; fileEncoding = 4; lastKnownFileType = sourcecode.c.h; explicitFileType = undefined; includeInIndex = 0; };
		1B14EEEA891C4A78A5B3B7E0 /* CDVInAppBrowser.m */ = {isa = PBXFileReference; name = "CDVInAppBrowser.m"; path = "cordova-plugin-inappbrowser/CDVInAppBrowser.m"; sourceTree = "<group>"; fileEncoding = 4; lastKnownFileType = sourcecode.c.objc; explicitFileType = undefined; includeInIndex = 0; };
		FF52D99334EA4E888E47FC7D /* CDVInAppBrowser.h */ = {isa = PBXFileReference; name = "CDVInAppBrowser.h"; path = "cordova-plugin-inappbrowser/CDVInAppBrowser.h"; sourceTree = "<group>"; fileEncoding = 4; lastKnownFileType = sourcecode.c.h; explicitFileType = undefined; includeInIndex = 0; };
		D075DCE180154690B866F944 /* CDVSound.m */ = {isa = PBXFileReference; name = "CDVSound.m"; path = "cordova-plugin-media/CDVSound.m"; sourceTree = "<group>"; fileEncoding = 4; lastKnownFileType = sourcecode.c.objc; explicitFileType = undefined; includeInIndex = 0; };
		1919D0F0AB2045DD84764410 /* CDVSound.h */ = {isa = PBXFileReference; name = "CDVSound.h"; path = "cordova-plugin-media/CDVSound.h"; sourceTree = "<group>"; fileEncoding = 4; lastKnownFileType = sourcecode.c.h; explicitFileType = undefined; includeInIndex = 0; };
		5BF6A503A8704214BEF7B2C2 /* CDVConnection.m */ = {isa = PBXFileReference; name = "CDVConnection.m"; path = "cordova-plugin-network-information/CDVConnection.m"; sourceTree = "<group>"; fileEncoding = 4; lastKnownFileType = sourcecode.c.objc; explicitFileType = undefined; includeInIndex = 0; };
		33477C4132B642DBA8A0BB58 /* CDVReachability.m */ = {isa = PBXFileReference; name = "CDVReachability.m"; path = "cordova-plugin-network-information/CDVReachability.m"; sourceTree = "<group>"; fileEncoding = 4; lastKnownFileType = sourcecode.c.objc; explicitFileType = undefined; includeInIndex = 0; };
		194C8E78A19D41F39B0E551E /* CDVConnection.h */ = {isa = PBXFileReference; name = "CDVConnection.h"; path = "cordova-plugin-network-information/CDVConnection.h"; sourceTree = "<group>"; fileEncoding = 4; lastKnownFileType = sourcecode.c.h; explicitFileType = undefined; includeInIndex = 0; };
		C551A223EC2A488BAF29A708 /* CDVReachability.h */ = {isa = PBXFileReference; name = "CDVReachability.h"; path = "cordova-plugin-network-information/CDVReachability.h"; sourceTree = "<group>"; fileEncoding = 4; lastKnownFileType = sourcecode.c.h; explicitFileType = undefined; includeInIndex = 0; };
		5CA6866B06B24A548A10F6FE /* CoreTelephony.framework */ = {isa = PBXFileReference; name = "CoreTelephony.framework"; path = "System/Library/Frameworks/CoreTelephony.framework"; sourceTree = SDKROOT; fileEncoding = undefined; lastKnownFileType = wrapper.framework; explicitFileType = undefined; includeInIndex = 0; };
		55CA5C150D1B4E708ED36306 /* CDVSplashScreen.m */ = {isa = PBXFileReference; name = "CDVSplashScreen.m"; path = "cordova-plugin-splashscreen/CDVSplashScreen.m"; sourceTree = "<group>"; fileEncoding = 4; lastKnownFileType = sourcecode.c.objc; explicitFileType = undefined; includeInIndex = 0; };
		E427B1CDB3DB454982B69F57 /* CDVViewController+SplashScreen.m */ = {isa = PBXFileReference; name = "CDVViewController+SplashScreen.m"; path = "cordova-plugin-splashscreen/CDVViewController+SplashScreen.m"; sourceTree = "<group>"; fileEncoding = 4; lastKnownFileType = sourcecode.c.objc; explicitFileType = undefined; includeInIndex = 0; };
		41446BE264E94A9AA364F2A6 /* CDVSplashScreen.h */ = {isa = PBXFileReference; name = "CDVSplashScreen.h"; path = "cordova-plugin-splashscreen/CDVSplashScreen.h"; sourceTree = "<group>"; fileEncoding = 4; lastKnownFileType = sourcecode.c.h; explicitFileType = undefined; includeInIndex = 0; };
		CC305063D28D478F8F2FF57E /* CDVViewController+SplashScreen.h */ = {isa = PBXFileReference; name = "CDVViewController+SplashScreen.h"; path = "cordova-plugin-splashscreen/CDVViewController+SplashScreen.h"; sourceTree = "<group>"; fileEncoding = 4; lastKnownFileType = sourcecode.c.h; explicitFileType = undefined; includeInIndex = 0; };
		F88E7C81606B40148C178FAA /* CDVStatusBar.m */ = {isa = PBXFileReference; name = "CDVStatusBar.m"; path = "cordova-plugin-statusbar/CDVStatusBar.m"; sourceTree = "<group>"; fileEncoding = 4; lastKnownFileType = sourcecode.c.objc; explicitFileType = undefined; includeInIndex = 0; };
		E1D72819D12A4D6FBB1B4DC2 /* CDVStatusBar.h */ = {isa = PBXFileReference; name = "CDVStatusBar.h"; path = "cordova-plugin-statusbar/CDVStatusBar.h"; sourceTree = "<group>"; fileEncoding = 4; lastKnownFileType = sourcecode.c.h; explicitFileType = undefined; includeInIndex = 0; };
		FA0420BD5A1B4463A3505449 /* CDVVibration.m */ = {isa = PBXFileReference; name = "CDVVibration.m"; path = "cordova-plugin-vibration/CDVVibration.m"; sourceTree = "<group>"; fileEncoding = 4; lastKnownFileType = sourcecode.c.objc; explicitFileType = undefined; includeInIndex = 0; };
		09D14304EB0648B4AB6221BE /* CDVVibration.h */ = {isa = PBXFileReference; name = "CDVVibration.h"; path = "cordova-plugin-vibration/CDVVibration.h"; sourceTree = "<group>"; fileEncoding = 4; lastKnownFileType = sourcecode.c.h; explicitFileType = undefined; includeInIndex = 0; };
		560DE21CBD7847A389E2CB0A /* CDVShake.m */ = {isa = PBXFileReference; name = "CDVShake.m"; path = "cordova-plugin-shake/CDVShake.m"; sourceTree = "<group>"; fileEncoding = 4; lastKnownFileType = sourcecode.c.objc; explicitFileType = undefined; includeInIndex = 0; };
		A25983D795BB4CE09FA2CF3D /* CDVShake.h */ = {isa = PBXFileReference; name = "CDVShake.h"; path = "cordova-plugin-shake/CDVShake.h"; sourceTree = "<group>"; fileEncoding = 4; lastKnownFileType = sourcecode.c.h; explicitFileType = undefined; includeInIndex = 0; };
/* End PBXFileReference section */

/* Begin PBXFrameworksBuildPhase section */
		1D60588F0D05DD3D006BFB54 /* Frameworks */ = {
			isa = PBXFrameworksBuildPhase;
			buildActionMask = 2147483647;
			files = (
				301BF552109A68D80062928A /* libCordova.a in Frameworks */,
				17B38E6080EE494A8D462B09 /* ScanditBarcodeScanner.framework in Frameworks */,
				9EE03B2910444F109CB570AC /* OpenGLES.framework in Frameworks */,
				DD9E5FD39F594E369C728434 /* AudioToolbox.framework in Frameworks */,
				7827F80BBE9245A4BB2834B4 /* AVFoundation.framework in Frameworks */,
				A178CA9F85D740F9A93F8B79 /* CoreText.framework in Frameworks */,
				D5FF7DAE97B940948005710D /* CoreLocation.framework in Frameworks */,
				E8CCB2839CA642C88394ED2A /* CoreMedia.framework in Frameworks */,
				4D12D096CBEE4219B70882C6 /* CoreVideo.framework in Frameworks */,
				F4556D4596264B2AA138E1DB /* QuartzCore.framework in Frameworks */,
				F22EAEAE57FD490F8324BFE1 /* Accelerate.framework in Frameworks */,
				651CB9DF69864FD69A72C42A /* SystemConfiguration.framework in Frameworks */,
				BE9FE8826902470AAC23B419 /* MediaPlayer.framework in Frameworks */,
				3907FCF21F32443990922186 /* libiconv.dylib in Frameworks */,
				FB0E2AFDE8BB4A32A6723F24 /* libz.dylib in Frameworks */,
				DC87C19C09744756A954CFE9 /* libc++.dylib in Frameworks */,
				5AF348F7D2544E30A6A1602C /* ImageIO.framework in Frameworks */,
				E088CA0340E14315A73AFA98 /* AddressBook.framework in Frameworks */,
				C5E26896C437401585C45B56 /* AddressBookUI.framework in Frameworks */,
				43F13D778C854CEBB04B7071 /* CoreMotion.framework in Frameworks */,
				F80C4FB9F55948ECA147C742 /* CoreTelephony.framework in Frameworks */,
			);
			runOnlyForDeploymentPostprocessing = 0;
		};
/* End PBXFrameworksBuildPhase section */

/* Begin PBXGroup section */
		080E96DDFE201D6D7F000001 /* Classes */ = {
			isa = PBXGroup;
			children = (
				302D95EE14D2391D003F00A1 /* MainViewController.h */,
				302D95EF14D2391D003F00A1 /* MainViewController.m */,
				302D95F014D2391D003F00A1 /* MainViewController.xib */,
				1D3623240D0F684500981E51 /* AppDelegate.h */,
				1D3623250D0F684500981E51 /* AppDelegate.m */,
			);
			name = Classes;
			path = "Hello World/Classes";
			sourceTree = SOURCE_ROOT;
		};
		19C28FACFE9D520D11CA2CBB /* Products */ = {
			isa = PBXGroup;
			children = (
				1D6058910D05DD3D006BFB54 /* Hello World.app */,
			);
			name = Products;
			sourceTree = "<group>";
		};
		29B97314FDCFA39411CA2CEA /* CustomTemplate */ = {
			isa = PBXGroup;
			children = (
				EB87FDF41871DAF40020F90C /* config.xml */,
				EB87FDF31871DA8E0020F90C /* www */,
				EB87FDF11871DA420020F90C /* Staging */,
				301BF52D109A57CC0062928A /* CordovaLib.xcodeproj */,
				080E96DDFE201D6D7F000001 /* Classes */,
				307C750510C5A3420062BCA9 /* Plugins */,
				29B97315FDCFA39411CA2CEA /* Other Sources */,
				29B97317FDCFA39411CA2CEA /* Resources */,
				29B97323FDCFA39411CA2CEA /* Frameworks */,
				19C28FACFE9D520D11CA2CBB /* Products */,
			);
			name = CustomTemplate;
			sourceTree = "<group>";
		};
		29B97315FDCFA39411CA2CEA /* Other Sources */ = {
			isa = PBXGroup;
			children = (
				32CA4F630368D1EE00C91783 /* Hello World-Prefix.pch */,
				29B97316FDCFA39411CA2CEA /* main.m */,
				ED33DF2A687741AEAF9F8254 /* Bridging-Header.h */,
			);
			name = "Other Sources";
			path = "Hello World";
			sourceTree = "<group>";
		};
		29B97317FDCFA39411CA2CEA /* Resources */ = {
			isa = PBXGroup;
			children = (
				0207DA571B56EA530066E2B4 /* Images.xcassets */,
				3047A50E1AB8057F00498E2A /* config */,
				8D1107310486CEB800E47090 /* Hello World-Info.plist */,
				4468A499E15946FE8B5113F4 /* ScanditBarcodeScanner.bundle */,
				48BD23798678484488EC300C /* CDVCapture.bundle */,
				7A49B3C0637947908C3C630E /* CDVNotification.bundle */,
			);
			name = Resources;
			path = "Hello World/Resources";
			sourceTree = "<group>";
		};
		29B97323FDCFA39411CA2CEA /* Frameworks */ = {
			isa = PBXGroup;
			children = (
				FF570D1A3CFE41DAA3CB5677 /* ScanditBarcodeScanner.framework */,
				9B946F52CC2041248CCBAEB0 /* OpenGLES.framework */,
				23223A44C7C84705BE7BA8CB /* AudioToolbox.framework */,
				60A33F12568F4B45ACEE6759 /* AVFoundation.framework */,
				8BE350843C6143379008F26E /* CoreText.framework */,
				E9C04453206D4EB6AAEF5E1F /* CoreLocation.framework */,
				7FB9C08B31E34A4CAED7D065 /* CoreMedia.framework */,
				998ABED377234E71B133A3C7 /* CoreVideo.framework */,
				76CF42B33780472CB45D21C6 /* QuartzCore.framework */,
				C406D4132AA340F7B27B129C /* Accelerate.framework */,
				32FCA75F534C4E218EEA6688 /* SystemConfiguration.framework */,
				87D4F9022CC9482EBA659EFA /* MediaPlayer.framework */,
				F3DBE7DCF6134E799334FF09 /* libiconv.dylib */,
				70DAD8D074E1447D81A7714D /* libz.dylib */,
				667612770D1D45BB8340EAE1 /* libc++.dylib */,
				2FDE3C6F289C4597A8A11539 /* ImageIO.framework */,
				BB7D016B83B74E7D980F7057 /* AddressBook.framework */,
				3081389644C94A2F8F06A788 /* AddressBookUI.framework */,
				272ED4AEFF524B5B92CE851D /* CoreMotion.framework */,
				5CA6866B06B24A548A10F6FE /* CoreTelephony.framework */,
			);
			name = Frameworks;
			sourceTree = "<group>";
		};
		301BF52E109A57CC0062928A /* Products */ = {
			isa = PBXGroup;
			children = (
				301BF535109A57CC0062928A /* libCordova.a */,
			);
			name = Products;
			sourceTree = "<group>";
		};
		3047A50E1AB8057F00498E2A /* config */ = {
			isa = PBXGroup;
			children = (
				3047A50F1AB8059700498E2A /* build-debug.xcconfig */,
				3047A5101AB8059700498E2A /* build-release.xcconfig */,
				3047A5111AB8059700498E2A /* build.xcconfig */,
			);
			name = config;
			sourceTree = "<group>";
		};
		307C750510C5A3420062BCA9 /* Plugins */ = {
			isa = PBXGroup;
			children = (
				427944326C314D6CB2F43108 /* ScanditSDK.mm */,
				1E8795B930AC4ED0B023F737 /* ScanditSDKRotatingBarcodePicker.m */,
				FB334B8225E6427288E7C492 /* ScanditSDKSearchBar.m */,
				73670966AA0B4021AD7F9FA6 /* SBSLegacySettingsParamParser.m */,
				9B627538AEB7481C97D930E8 /* SBSLegacyUIParamParser.m */,
				857707B9AB0D47D68C2EF5EC /* SBSPhonegapParamParser.m */,
				AF2891BCDE7A4A25BC62CD98 /* SBSUIParamParser.m */,
				DDA43F933C2F439F977E7E29 /* SBSLocalScanSession.m */,
				7AD296F4AD45421A85801B7A /* SBSConstraints.m */,
				4409472443A94139AADF1DEE /* ScanditSDK.h */,
				B7ABFEC4D360491398E42ED9 /* ScanditSDKRotatingBarcodePicker.h */,
				5514638132E9417E9DF28D39 /* ScanditSDKSearchBar.h */,
				817F7D5E3D8448EC8CBF535E /* SBSLegacySettingsParamParser.h */,
				8B3E06E243CA4684B33F5573 /* SBSLegacyUIParamParser.h */,
				D5019F3E7E8A48668F2E5B2E /* SBSPhonegapParamParser.h */,
				505B726F36BA43679B18628E /* SBSUIParamParser.h */,
				DBF28DA35F07492992789DF0 /* SBSLocalScanSession.h */,
				0AE85CE67CCF4077BE93523B /* SBSConstraints.h */,
				E2D998C6F7134E13B1A6EA1C /* CDVBattery.m */,
				24EFAC2121744D56B52C9CD9 /* CDVBattery.h */,
				9C26E7B6DE89435D94A1D032 /* UIImage+CropScaleOrientation.m */,
				A87879BFD96E4C2F81FB5C7D /* CDVCamera.m */,
				7C9EAECFAB5C423CBAFE5DFA /* CDVJpegHeaderWriter.m */,
				A4C1CB98F74C4571BD37E2AC /* UIImage+CropScaleOrientation.h */,
				153F14109FC24B878159BC24 /* CDVCamera.h */,
				3EE32A494B56419E815B7E09 /* CDVJpegHeaderWriter.h */,
				8FFE3F7CA8AA419F90836BD3 /* CDVExif.h */,
				1206DDB66D4E4695A6115246 /* CDVFile.m */,
				E6D01CB9B9C2490B9AC4785E /* CDVLocalFilesystem.m */,
				47AD10154986425CA508E367 /* CDVAssetLibraryFilesystem.m */,
				69A7F25BCE404E4BB635054E /* CDVFile.h */,
				B5C1A3058D034317AA921891 /* CDVLocalFilesystem.h */,
				1FDE0DE4E9464FCE9E601440 /* CDVAssetLibraryFilesystem.h */,
				0CFC1812E999446BAA3E94AD /* CDVCapture.m */,
				179DD348DD2443E3B09F830C /* CDVCapture.h */,
				81433591EBDE4010A2721D0E /* CDVLogger.m */,
				220533514FD344D291B009B2 /* CDVLogger.h */,
				1B0B2A122FEF4467813D4DD0 /* CDVContacts.m */,
				6252D4D8E3CE48258B3AFA1D /* CDVContact.m */,
				AD380600F3DF458794BFEA9B /* CDVContacts.h */,
				AACEDB53B2B54ACE858EDB7D /* CDVContact.h */,
				969DF971916747F5AC84CC21 /* CDVDevice.m */,
				4076E8AF3F1C4B43A3CE58DC /* CDVDevice.h */,
				D7D7F94AFFAF4C669A2B3886 /* CDVAccelerometer.m */,
				CFA65457C8044374B1EF205F /* CDVAccelerometer.h */,
				368DD7B491DA4CD2BE5CE2A0 /* CDVCompass.m */,
				6D350B3B7F4A4563B1DA2023 /* CDVCompass.h */,
				D57BDC026BC842DD9F199D3C /* CDVNotification.m */,
				6E81AA847A0445D9A931A4C8 /* CDVNotification.h */,
				F74042B66F234EBABC5746D8 /* CDVFileTransfer.m */,
				ABC63112B83543D5B87E37C5 /* CDVFileTransfer.h */,
				C6EB75D8447345A185B18002 /* CDVLocation.m */,
				A60216545FA34BDE86893CF1 /* CDVLocation.h */,
				D1A4751677D14EAB8B37CA98 /* CDVGlobalization.m */,
				DA70519021B743F0A0C7A42C /* CDVGlobalization.h */,
				1B14EEEA891C4A78A5B3B7E0 /* CDVInAppBrowser.m */,
				FF52D99334EA4E888E47FC7D /* CDVInAppBrowser.h */,
				D075DCE180154690B866F944 /* CDVSound.m */,
				1919D0F0AB2045DD84764410 /* CDVSound.h */,
				5BF6A503A8704214BEF7B2C2 /* CDVConnection.m */,
				33477C4132B642DBA8A0BB58 /* CDVReachability.m */,
				194C8E78A19D41F39B0E551E /* CDVConnection.h */,
				C551A223EC2A488BAF29A708 /* CDVReachability.h */,
				55CA5C150D1B4E708ED36306 /* CDVSplashScreen.m */,
				E427B1CDB3DB454982B69F57 /* CDVViewController+SplashScreen.m */,
				41446BE264E94A9AA364F2A6 /* CDVSplashScreen.h */,
				CC305063D28D478F8F2FF57E /* CDVViewController+SplashScreen.h */,
				F88E7C81606B40148C178FAA /* CDVStatusBar.m */,
				E1D72819D12A4D6FBB1B4DC2 /* CDVStatusBar.h */,
				FA0420BD5A1B4463A3505449 /* CDVVibration.m */,
				09D14304EB0648B4AB6221BE /* CDVVibration.h */,
				560DE21CBD7847A389E2CB0A /* CDVShake.m */,
				A25983D795BB4CE09FA2CF3D /* CDVShake.h */,
			);
			name = Plugins;
			path = "Hello World/Plugins";
			sourceTree = SOURCE_ROOT;
		};
		EB87FDF11871DA420020F90C /* Staging */ = {
			isa = PBXGroup;
			children = (
				F840E1F0165FE0F500CFE078 /* config.xml */,
				301BF56E109A69640062928A /* www */,
			);
			name = Staging;
			sourceTree = "<group>";
		};
/* End PBXGroup section */

/* Begin PBXNativeTarget section */
		1D6058900D05DD3D006BFB54 /* Hello World */ = {
			isa = PBXNativeTarget;
			buildConfigurationList = 1D6058960D05DD3E006BFB54 /* Build configuration list for PBXNativeTarget "Hello World" */;
			buildPhases = (
				304B58A110DAC018002A0835 /* Copy www directory */,
				1D60588D0D05DD3D006BFB54 /* Resources */,
				1D60588E0D05DD3D006BFB54 /* Sources */,
				1D60588F0D05DD3D006BFB54 /* Frameworks */,
			);
			buildRules = (
			);
			dependencies = (
				301BF551109A68C00062928A /* PBXTargetDependency */,
			);
			name = "Hello World";
			productName = "Hello World";
			productReference = 1D6058910D05DD3D006BFB54 /* Hello World.app */;
			productType = "com.apple.product-type.application";
		};
/* End PBXNativeTarget section */

/* Begin PBXProject section */
		29B97313FDCFA39411CA2CEA /* Project object */ = {
			isa = PBXProject;
			attributes = {
				LastUpgradeCheck = 510;
			};
			buildConfigurationList = C01FCF4E08A954540054247B /* Build configuration list for PBXProject "__NON-CLI__" */;
			compatibilityVersion = "Xcode 3.2";
			developmentRegion = English;
			hasScannedForEncodings = 1;
			mainGroup = 29B97314FDCFA39411CA2CEA /* CustomTemplate */;
			projectDirPath = "";
			projectReferences = (
				{
					ProductGroup = 301BF52E109A57CC0062928A /* Products */;
					ProjectRef = 301BF52D109A57CC0062928A /* CordovaLib.xcodeproj */;
				},
			);
			projectRoot = "";
			targets = (
				1D6058900D05DD3D006BFB54 /* Hello World */,
			);
		};
/* End PBXProject section */

/* Begin PBXReferenceProxy section */
		301BF535109A57CC0062928A /* libCordova.a */ = {
			isa = PBXReferenceProxy;
			fileType = archive.ar;
			path = libCordova.a;
			remoteRef = 301BF534109A57CC0062928A /* PBXContainerItemProxy */;
			sourceTree = BUILT_PRODUCTS_DIR;
		};
/* End PBXReferenceProxy section */

/* Begin PBXResourcesBuildPhase section */
		1D60588D0D05DD3D006BFB54 /* Resources */ = {
			isa = PBXResourcesBuildPhase;
			buildActionMask = 2147483647;
			files = (
				302D95F214D2391D003F00A1 /* MainViewController.xib in Resources */,
				3047A5131AB8059700498E2A /* build-release.xcconfig in Resources */,
				3047A5141AB8059700498E2A /* build.xcconfig in Resources */,
				0207DA581B56EA530066E2B4 /* Images.xcassets in Resources */,
				3047A5121AB8059700498E2A /* build-debug.xcconfig in Resources */,
				1ADDAD7403174FCDB17C37E5 /* ScanditBarcodeScanner.bundle in Resources */,
				17E2029D9A1347898FB83FF8 /* CDVCapture.bundle in Resources */,
				5228E6EDF18F431FB04CA343 /* CDVNotification.bundle in Resources */,
			);
			runOnlyForDeploymentPostprocessing = 0;
		};
/* End PBXResourcesBuildPhase section */

/* Begin PBXShellScriptBuildPhase section */
		304B58A110DAC018002A0835 /* Copy www directory */ = {
			isa = PBXShellScriptBuildPhase;
			buildActionMask = 2147483647;
			files = (
			);
			inputPaths = (
			);
			name = "Copy www directory";
			outputPaths = (
			);
			runOnlyForDeploymentPostprocessing = 0;
			shellPath = /bin/sh;
			shellScript = "NODEJS_PATH=/usr/local/bin; NVM_NODE_PATH=~/.nvm/versions/node/`nvm version 2>/dev/null`/bin; N_NODE_PATH=`find /usr/local/n/versions/node/* -maxdepth 0 -type d 2>/dev/null | tail -1`/bin; XCODE_NODE_PATH=`xcode-select --print-path`/usr/share/xcs/Node/bin; PATH=$NODEJS_PATH:$NVM_NODE_PATH:$N_NODE_PATH:$XCODE_NODE_PATH:$PATH && node cordova/lib/copy-www-build-step.js";
			showEnvVarsInLog = 0;
		};
/* End PBXShellScriptBuildPhase section */

/* Begin PBXSourcesBuildPhase section */
		1D60588E0D05DD3D006BFB54 /* Sources */ = {
			isa = PBXSourcesBuildPhase;
			buildActionMask = 2147483647;
			files = (
				1D60589B0D05DD56006BFB54 /* main.m in Sources */,
				1D3623260D0F684500981E51 /* AppDelegate.m in Sources */,
				302D95F114D2391D003F00A1 /* MainViewController.m in Sources */,
				ABFFB10A76E64B63ACAEF30A /* ScanditSDK.mm in Resources */,
				912AA856F9D34BBAB7715C1B /* ScanditSDKRotatingBarcodePicker.m in Sources */,
				4C3648A707E4463AB634BDC7 /* ScanditSDKSearchBar.m in Sources */,
				15442E6805C1451084EB6CAA /* SBSLegacySettingsParamParser.m in Sources */,
				981FBB30D5A0452E86B49C13 /* SBSLegacyUIParamParser.m in Sources */,
				13AE1B1FA1614B3EBDEC02F1 /* SBSPhonegapParamParser.m in Sources */,
				8D41921931154C058ABE6856 /* SBSUIParamParser.m in Sources */,
				D14FAC6B50684B89B70479E0 /* SBSLocalScanSession.m in Sources */,
				DAB8EF603479498F8826D004 /* SBSConstraints.m in Sources */,
				D54A0A4CD3C14570AD378C34 /* CDVBattery.m in Sources */,
				8FEB28B38AAC4AFFB0CF988E /* UIImage+CropScaleOrientation.m in Sources */,
				AA1C008F2CD448AFBFEBB9B2 /* CDVCamera.m in Sources */,
				D609790BA55F48FEA2DFD290 /* CDVJpegHeaderWriter.m in Sources */,
				17247F6CBF104D31A937FC32 /* CDVFile.m in Sources */,
				5A7A772276624B0A9C44FDCE /* CDVLocalFilesystem.m in Sources */,
				F6847EF28522462F9B921E5D /* CDVAssetLibraryFilesystem.m in Sources */,
				6D75BAB14713412EB1A0C004 /* CDVCapture.m in Sources */,
				B655BC631B2546C593950661 /* CDVLogger.m in Sources */,
				8FE09279CAFD4B429DCCD364 /* CDVContacts.m in Sources */,
				FE451616F58C469A9D6D30C3 /* CDVContact.m in Sources */,
				A7071138801B4CB188A6FAE3 /* CDVDevice.m in Sources */,
				C21C8B983BD44C889CED5EA4 /* CDVAccelerometer.m in Sources */,
				A0ECBEEF25BC424E91052599 /* CDVCompass.m in Sources */,
				2A2397EC7F5A466DBDB50B7A /* CDVNotification.m in Sources */,
				51410245CED3491D93264A3E /* CDVFileTransfer.m in Sources */,
				1B08198EF52049D6A3F79B2E /* CDVLocation.m in Sources */,
				1CE6C9D8D2FD43EA97B0A1CE /* CDVGlobalization.m in Sources */,
				4527E64408F04228885E2E08 /* CDVInAppBrowser.m in Sources */,
				45CAE71E23354FA888EB2CEC /* CDVSound.m in Sources */,
				F33EA950E66B486DBD0CF152 /* CDVConnection.m in Sources */,
				33B2669357DB4C4C86A53C0D /* CDVReachability.m in Sources */,
				B8EDFF342CBE475FACA90F7D /* CDVSplashScreen.m in Sources */,
				0C8B48DF77E744559C4D2137 /* CDVViewController+SplashScreen.m in Sources */,
				01ACADEB5FB145F2B82F94DE /* CDVStatusBar.m in Sources */,
				6E00FB1CD3D848628B0AD8E9 /* CDVVibration.m in Sources */,
				7F3FB19D6C9A47A39C36D48A /* CDVShake.m in Sources */,
			);
			runOnlyForDeploymentPostprocessing = 0;
		};
/* End PBXSourcesBuildPhase section */

/* Begin PBXTargetDependency section */
		301BF551109A68C00062928A /* PBXTargetDependency */ = {
			isa = PBXTargetDependency;
			name = CordovaLib;
			targetProxy = 301BF550109A68C00062928A /* PBXContainerItemProxy */;
		};
/* End PBXTargetDependency section */

/* Begin XCBuildConfiguration section */
		1D6058940D05DD3E006BFB54 /* Debug */ = {
			isa = XCBuildConfiguration;
			baseConfigurationReference = 3047A50F1AB8059700498E2A /* build-debug.xcconfig */;
			buildSettings = {
				ALWAYS_SEARCH_USER_PATHS = NO;
				ASSETCATALOG_COMPILER_APPICON_NAME = AppIcon;
				ASSETCATALOG_COMPILER_LAUNCHIMAGE_NAME = LaunchImage;
				CLANG_ENABLE_MODULES = YES;
				CLANG_ENABLE_OBJC_ARC = YES;
				COPY_PHASE_STRIP = NO;
				GCC_DYNAMIC_NO_PIC = NO;
				GCC_OPTIMIZATION_LEVEL = 0;
				GCC_PRECOMPILE_PREFIX_HEADER = YES;
				GCC_PREFIX_HEADER = "Hello World/Hello World-Prefix.pch";
				GCC_THUMB_SUPPORT = NO;
				GCC_VERSION = "";
				INFOPLIST_FILE = "Hello World/Hello World-Info.plist";
				LD_RUNPATH_SEARCH_PATHS = "@executable_path/Frameworks";
				PRODUCT_NAME = "Hello World";
				FRAMEWORK_SEARCH_PATHS = (
					"$(inherited)",
					"\"Hello World/Plugins/com.mirasense.scanditsdk.plugin\"",
				);
			};
			name = Debug;
		};
		1D6058950D05DD3E006BFB54 /* Release */ = {
			isa = XCBuildConfiguration;
			baseConfigurationReference = 3047A5101AB8059700498E2A /* build-release.xcconfig */;
			buildSettings = {
				ALWAYS_SEARCH_USER_PATHS = NO;
				ASSETCATALOG_COMPILER_APPICON_NAME = AppIcon;
				ASSETCATALOG_COMPILER_LAUNCHIMAGE_NAME = LaunchImage;
				CLANG_ENABLE_MODULES = YES;
				CLANG_ENABLE_OBJC_ARC = YES;
				COPY_PHASE_STRIP = YES;
				GCC_PRECOMPILE_PREFIX_HEADER = YES;
				GCC_PREFIX_HEADER = "Hello World/Hello World-Prefix.pch";
				GCC_THUMB_SUPPORT = NO;
				GCC_VERSION = "";
				INFOPLIST_FILE = "Hello World/Hello World-Info.plist";
				PRODUCT_NAME = "Hello World";
				FRAMEWORK_SEARCH_PATHS = (
					"$(inherited)",
					"\"Hello World/Plugins/com.mirasense.scanditsdk.plugin\"",
				);
			};
			name = Release;
		};
		C01FCF4F08A954540054247B /* Debug */ = {
			isa = XCBuildConfiguration;
			baseConfigurationReference = 3047A5111AB8059700498E2A /* build.xcconfig */;
			buildSettings = {
				CLANG_ENABLE_MODULES = YES;
				CLANG_ENABLE_OBJC_ARC = YES;
				CLANG_WARN_BOOL_CONVERSION = YES;
				CLANG_WARN_CONSTANT_CONVERSION = YES;
				CLANG_WARN_EMPTY_BODY = YES;
				CLANG_WARN_ENUM_CONVERSION = YES;
				CLANG_WARN_INT_CONVERSION = YES;
				CLANG_WARN__DUPLICATE_METHOD_MATCH = YES;
				GCC_C_LANGUAGE_STANDARD = c99;
				GCC_THUMB_SUPPORT = NO;
				GCC_VERSION = "";
				GCC_WARN_ABOUT_RETURN_TYPE = YES;
				GCC_WARN_UNDECLARED_SELECTOR = YES;
				GCC_WARN_UNINITIALIZED_AUTOS = YES;
				GCC_WARN_UNUSED_FUNCTION = YES;
				GCC_WARN_UNUSED_VARIABLE = YES;
				ONLY_ACTIVE_ARCH = YES;
				SDKROOT = iphoneos;
				SKIP_INSTALL = NO;
			};
			name = Debug;
		};
		C01FCF5008A954540054247B /* Release */ = {
			isa = XCBuildConfiguration;
			baseConfigurationReference = 3047A5111AB8059700498E2A /* build.xcconfig */;
			buildSettings = {
				CLANG_ENABLE_MODULES = YES;
				CLANG_ENABLE_OBJC_ARC = YES;
				CLANG_WARN_BOOL_CONVERSION = YES;
				CLANG_WARN_CONSTANT_CONVERSION = YES;
				CLANG_WARN_EMPTY_BODY = YES;
				CLANG_WARN_ENUM_CONVERSION = YES;
				CLANG_WARN_INT_CONVERSION = YES;
				CLANG_WARN__DUPLICATE_METHOD_MATCH = YES;
				GCC_C_LANGUAGE_STANDARD = c99;
				GCC_THUMB_SUPPORT = NO;
				GCC_VERSION = "";
				GCC_WARN_ABOUT_RETURN_TYPE = YES;
				GCC_WARN_UNDECLARED_SELECTOR = YES;
				GCC_WARN_UNINITIALIZED_AUTOS = YES;
				GCC_WARN_UNUSED_FUNCTION = YES;
				GCC_WARN_UNUSED_VARIABLE = YES;
				SDKROOT = iphoneos;
				SKIP_INSTALL = NO;
			};
			name = Release;
		};
/* End XCBuildConfiguration section */

/* Begin XCConfigurationList section */
		1D6058960D05DD3E006BFB54 /* Build configuration list for PBXNativeTarget "Hello World" */ = {
			isa = XCConfigurationList;
			buildConfigurations = (
				1D6058940D05DD3E006BFB54 /* Debug */,
				1D6058950D05DD3E006BFB54 /* Release */,
			);
			defaultConfigurationIsVisible = 0;
			defaultConfigurationName = Release;
		};
		C01FCF4E08A954540054247B /* Build configuration list for PBXProject "__NON-CLI__" */ = {
			isa = XCConfigurationList;
			buildConfigurations = (
				C01FCF4F08A954540054247B /* Debug */,
				C01FCF5008A954540054247B /* Release */,
			);
			defaultConfigurationIsVisible = 0;
			defaultConfigurationName = Release;
		};
/* End XCConfigurationList section */
	};
	rootObject = 29B97313FDCFA39411CA2CEA /* Project object */;
}
